
Microsoft Visual Studio Solution File, Format Version 12.00
# Visual Studio Version 16
VisualStudioVersion = 16.0.810.11
MinimumVisualStudioVersion = 10.0.40219.1
Project("{FAE04EC0-301F-11D3-BF4B-00C04F79EFBC}") = "EjercicioHelperDownload", "EjercicioHelperDownload\EjercicioHelperDownload.csproj", "{C8F64055-6E45-4BF0-B35F-22A096B5729C}"
EndProject
Global
	GlobalSection(SolutionConfigurationPlatforms) = preSolution
		Debug|Any CPU = Debug|Any CPU
		Release|Any CPU = Release|Any CPU
	EndGlobalSection
	GlobalSection(ProjectConfigurationPlatforms) = postSolution
		{C8F64055-6E45-4BF0-B35F-22A096B5729C}.Debug|Any CPU.ActiveCfg = Debug|Any CPU
		{C8F64055-6E45-4BF0-B35F-22A096B5729C}.Debug|Any CPU.Build.0 = Debug|Any CPU
		{C8F64055-6E45-4BF0-B35F-22A096B5729C}.Release|Any CPU.ActiveCfg = Release|Any CPU
		{C8F64055-6E45-4BF0-B35F-22A096B5729C}.Release|Any CPU.Build.0 = Release|Any CPU
	EndGlobalSection
	GlobalSection(SolutionProperties) = preSolution
		HideSolutionNode = FALSE
	EndGlobalSection
	GlobalSection(ExtensibilityGlobals) = postSolution
		SolutionGuid = {7A299F75-F340-45DD-BF3C-7EB04FF9E815}
	EndGlobalSection
EndGlobal
